
Microsoft Visual Studio Solution File, Format Version 12.00
# Visual Studio 15
VisualStudioVersion = 15.0.27703.2035
MinimumVisualStudioVersion = 10.0.40219.1
Project("{FAE04EC0-301F-11D3-BF4B-00C04F79EFBC}") = "OpenIDChallengeDay", "OpenIDChallengeDay\OpenIDChallengeDay.csproj", "{1E61C5C8-CA54-4D7D-A425-6FC57F54A053}"
EndProject
Global
	GlobalSection(SolutionConfigurationPlatforms) = preSolution
		Debug|Any CPU = Debug|Any CPU
		Release|Any CPU = Release|Any CPU
	EndGlobalSection
	GlobalSection(ProjectConfigurationPlatforms) = postSolution
		{1E61C5C8-CA54-4D7D-A425-6FC57F54A053}.Debug|Any CPU.ActiveCfg = Debug|Any CPU
		{1E61C5C8-CA54-4D7D-A425-6FC57F54A053}.Debug|Any CPU.Build.0 = Debug|Any CPU
		{1E61C5C8-CA54-4D7D-A425-6FC57F54A053}.Release|Any CPU.ActiveCfg = Release|Any CPU
		{1E61C5C8-CA54-4D7D-A425-6FC57F54A053}.Release|Any CPU.Build.0 = Release|Any CPU
	EndGlobalSection
	GlobalSection(SolutionProperties) = preSolution
		HideSolutionNode = FALSE
	EndGlobalSection
	GlobalSection(ExtensibilityGlobals) = postSolution
		SolutionGuid = {E36F3398-0FDB-4BA8-AA3F-E68D9D1DD242}
	EndGlobalSection
EndGlobal
